// !$*UTF8*$!
{
	archiveVersion = 1;
	classes = {
	};
	objectVersion = 48;
	objects = {

/* Begin PBXBuildFile section */
		999530AF206CBC0D00A76504 /* MovieCell.swift in Sources */ = {isa = PBXBuildFile; fileRef = 999530AD206CBC0D00A76504 /* MovieCell.swift */; };
		999530B0206CBC0D00A76504 /* MovieCell.xib in Resources */ = {isa = PBXBuildFile; fileRef = 999530AE206CBC0D00A76504 /* MovieCell.xib */; };
		99AB7729206B4DE200E1A0B1 /* AppDelegate.swift in Sources */ = {isa = PBXBuildFile; fileRef = 99AB7728206B4DE200E1A0B1 /* AppDelegate.swift */; };
		99AB772B206B4DE200E1A0B1 /* MoviesViewController.swift in Sources */ = {isa = PBXBuildFile; fileRef = 99AB772A206B4DE200E1A0B1 /* MoviesViewController.swift */; };
		99AB772E206B4DE200E1A0B1 /* Main.storyboard in Resources */ = {isa = PBXBuildFile; fileRef = 99AB772C206B4DE200E1A0B1 /* Main.storyboard */; };
		99AB7731206B4DE200E1A0B1 /* MovieApp.xcdatamodeld in Sources */ = {isa = PBXBuildFile; fileRef = 99AB772F206B4DE200E1A0B1 /* MovieApp.xcdatamodeld */; };
		99AB7733206B4DE200E1A0B1 /* Assets.xcassets in Resources */ = {isa = PBXBuildFile; fileRef = 99AB7732206B4DE200E1A0B1 /* Assets.xcassets */; };
		99AB7736206B4DE200E1A0B1 /* LaunchScreen.storyboard in Resources */ = {isa = PBXBuildFile; fileRef = 99AB7734206B4DE200E1A0B1 /* LaunchScreen.storyboard */; };
		99AB7741206B4DE200E1A0B1 /* MovieAppTests.swift in Sources */ = {isa = PBXBuildFile; fileRef = 99AB7740206B4DE200E1A0B1 /* MovieAppTests.swift */; };
		99AB774C206B4DE200E1A0B1 /* MovieAppUITests.swift in Sources */ = {isa = PBXBuildFile; fileRef = 99AB774B206B4DE200E1A0B1 /* MovieAppUITests.swift */; };
		99C820E0206B511000706F33 /* Store.swift in Sources */ = {isa = PBXBuildFile; fileRef = 99C820DF206B511000706F33 /* Store.swift */; };
		99C820E2206B585400706F33 /* StoreTests.swift in Sources */ = {isa = PBXBuildFile; fileRef = 99C820E1206B585400706F33 /* StoreTests.swift */; };
		99C820E5206B5A8500706F33 /* Request.swift in Sources */ = {isa = PBXBuildFile; fileRef = 99C820E4206B5A8500706F33 /* Request.swift */; };
		99C820E7206B60FB00706F33 /* Endpoints.swift in Sources */ = {isa = PBXBuildFile; fileRef = 99C820E6206B60FB00706F33 /* Endpoints.swift */; };
		99C820E9206B679B00706F33 /* Path.swift in Sources */ = {isa = PBXBuildFile; fileRef = 99C820E8206B679B00706F33 /* Path.swift */; };
		99C820ED206B69E600706F33 /* PathTests.swift in Sources */ = {isa = PBXBuildFile; fileRef = 99C820EC206B69E600706F33 /* PathTests.swift */; };
		99C820F0206B7A9D00706F33 /* MovieAppRequest.swift in Sources */ = {isa = PBXBuildFile; fileRef = 99C820EF206B7A9D00706F33 /* MovieAppRequest.swift */; };
		99C820F2206B7B7A00706F33 /* MovieService.swift in Sources */ = {isa = PBXBuildFile; fileRef = 99C820F1206B7B7A00706F33 /* MovieService.swift */; };
		99C820F5206B7DD700706F33 /* IntExtension.swift in Sources */ = {isa = PBXBuildFile; fileRef = 99C820F4206B7DD700706F33 /* IntExtension.swift */; };
		99C820F7206B7E0800706F33 /* IntExtensionTests.swift in Sources */ = {isa = PBXBuildFile; fileRef = 99C820F6206B7E0800706F33 /* IntExtensionTests.swift */; };
		99D826BF2071E34200C18B58 /* QueryCore+CoreDataClass.swift in Sources */ = {isa = PBXBuildFile; fileRef = 99D826BD2071E34200C18B58 /* QueryCore+CoreDataClass.swift */; };
		99D826C02071E34200C18B58 /* QueryCore+CoreDataProperties.swift in Sources */ = {isa = PBXBuildFile; fileRef = 99D826BE2071E34200C18B58 /* QueryCore+CoreDataProperties.swift */; };
		99D826C22071E86200C18B58 /* QuerySuggestionsViewController.swift in Sources */ = {isa = PBXBuildFile; fileRef = 99D826C12071E86200C18B58 /* QuerySuggestionsViewController.swift */; };
		99D826C42071E9C700C18B58 /* QueryCell.swift in Sources */ = {isa = PBXBuildFile; fileRef = 99D826C32071E9C700C18B58 /* QueryCell.swift */; };
		99D826C62071E9D300C18B58 /* QueryCell.xib in Resources */ = {isa = PBXBuildFile; fileRef = 99D826C52071E9D300C18B58 /* QueryCell.xib */; };
		99D826C92071F2F400C18B58 /* TableViewInsetsAdjusting.swift in Sources */ = {isa = PBXBuildFile; fileRef = 99D826C82071F2F400C18B58 /* TableViewInsetsAdjusting.swift */; };
		99D826CB207203B400C18B58 /* AlertExtension.swift in Sources */ = {isa = PBXBuildFile; fileRef = 99D826CA207203B400C18B58 /* AlertExtension.swift */; };
		99D826CD2072153C00C18B58 /* ErrorExtension.swift in Sources */ = {isa = PBXBuildFile; fileRef = 99D826CC2072153C00C18B58 /* ErrorExtension.swift */; };
		99ED6BCD206B83C50007C51A /* Movie.swift in Sources */ = {isa = PBXBuildFile; fileRef = 99ED6BCC206B83C50007C51A /* Movie.swift */; };
		99ED6BCF206B83CE0007C51A /* Query.swift in Sources */ = {isa = PBXBuildFile; fileRef = 99ED6BCE206B83CE0007C51A /* Query.swift */; };
		99ED6BD1206B84060007C51A /* ImageService.swift in Sources */ = {isa = PBXBuildFile; fileRef = 99ED6BD0206B84060007C51A /* ImageService.swift */; };
		99ED6BD5206B8A5D0007C51A /* Movie+NetworkRequests.swift in Sources */ = {isa = PBXBuildFile; fileRef = 99ED6BD4206B8A5D0007C51A /* Movie+NetworkRequests.swift */; };
		99ED6BD8206CACED0007C51A /* NibRegisterable.swift in Sources */ = {isa = PBXBuildFile; fileRef = 99ED6BD7206CACED0007C51A /* NibRegisterable.swift */; };
		99ED6BDA206CAD0E0007C51A /* NibInstantiating.swift in Sources */ = {isa = PBXBuildFile; fileRef = 99ED6BD9206CAD0E0007C51A /* NibInstantiating.swift */; };
/* End PBXBuildFile section */

/* Begin PBXContainerItemProxy section */
		99AB773D206B4DE200E1A0B1 /* PBXContainerItemProxy */ = {
			isa = PBXContainerItemProxy;
			containerPortal = 99AB771D206B4DE200E1A0B1 /* Project object */;
			proxyType = 1;
			remoteGlobalIDString = 99AB7724206B4DE200E1A0B1;
			remoteInfo = MovieApp;
		};
		99AB7748206B4DE200E1A0B1 /* PBXContainerItemProxy */ = {
			isa = PBXContainerItemProxy;
			containerPortal = 99AB771D206B4DE200E1A0B1 /* Project object */;
			proxyType = 1;
			remoteGlobalIDString = 99AB7724206B4DE200E1A0B1;
			remoteInfo = MovieApp;
		};
/* End PBXContainerItemProxy section */

/* Begin PBXFileReference section */
		3EA0D5E8C7694F006F80DF40 /* Pods_MovieApp.framework */ = {isa = PBXFileReference; explicitFileType = wrapper.framework; includeInIndex = 0; path = Pods_MovieApp.framework; sourceTree = BUILT_PRODUCTS_DIR; };
		999530AD206CBC0D00A76504 /* MovieCell.swift */ = {isa = PBXFileReference; lastKnownFileType = sourcecode.swift; path = MovieCell.swift; sourceTree = "<group>"; };
		999530AE206CBC0D00A76504 /* MovieCell.xib */ = {isa = PBXFileReference; lastKnownFileType = file.xib; path = MovieCell.xib; sourceTree = "<group>"; };
		99AB7725206B4DE200E1A0B1 /* MovieApp.app */ = {isa = PBXFileReference; explicitFileType = wrapper.application; includeInIndex = 0; path = MovieApp.app; sourceTree = BUILT_PRODUCTS_DIR; };
		99AB7728206B4DE200E1A0B1 /* AppDelegate.swift */ = {isa = PBXFileReference; lastKnownFileType = sourcecode.swift; path = AppDelegate.swift; sourceTree = "<group>"; };
		99AB772A206B4DE200E1A0B1 /* MoviesViewController.swift */ = {isa = PBXFileReference; lastKnownFileType = sourcecode.swift; path = MoviesViewController.swift; sourceTree = "<group>"; };
		99AB772D206B4DE200E1A0B1 /* Base */ = {isa = PBXFileReference; lastKnownFileType = file.storyboard; name = Base; path = Base.lproj/Main.storyboard; sourceTree = "<group>"; };
		99AB7730206B4DE200E1A0B1 /* MovieApp.xcdatamodel */ = {isa = PBXFileReference; lastKnownFileType = wrapper.xcdatamodel; path = MovieApp.xcdatamodel; sourceTree = "<group>"; };
		99AB7732206B4DE200E1A0B1 /* Assets.xcassets */ = {isa = PBXFileReference; lastKnownFileType = folder.assetcatalog; path = Assets.xcassets; sourceTree = "<group>"; };
		99AB7735206B4DE200E1A0B1 /* Base */ = {isa = PBXFileReference; lastKnownFileType = file.storyboard; name = Base; path = Base.lproj/LaunchScreen.storyboard; sourceTree = "<group>"; };
		99AB7737206B4DE200E1A0B1 /* Info.plist */ = {isa = PBXFileReference; lastKnownFileType = text.plist.xml; path = Info.plist; sourceTree = "<group>"; };
		99AB773C206B4DE200E1A0B1 /* MovieAppTests.xctest */ = {isa = PBXFileReference; explicitFileType = wrapper.cfbundle; includeInIndex = 0; path = MovieAppTests.xctest; sourceTree = BUILT_PRODUCTS_DIR; };
		99AB7740206B4DE200E1A0B1 /* MovieAppTests.swift */ = {isa = PBXFileReference; lastKnownFileType = sourcecode.swift; path = MovieAppTests.swift; sourceTree = "<group>"; };
		99AB7742206B4DE200E1A0B1 /* Info.plist */ = {isa = PBXFileReference; lastKnownFileType = text.plist.xml; path = Info.plist; sourceTree = "<group>"; };
		99AB7747206B4DE200E1A0B1 /* MovieAppUITests.xctest */ = {isa = PBXFileReference; explicitFileType = wrapper.cfbundle; includeInIndex = 0; path = MovieAppUITests.xctest; sourceTree = BUILT_PRODUCTS_DIR; };
		99AB774B206B4DE200E1A0B1 /* MovieAppUITests.swift */ = {isa = PBXFileReference; lastKnownFileType = sourcecode.swift; path = MovieAppUITests.swift; sourceTree = "<group>"; };
		99AB774D206B4DE200E1A0B1 /* Info.plist */ = {isa = PBXFileReference; lastKnownFileType = text.plist.xml; path = Info.plist; sourceTree = "<group>"; };
		99C820DF206B511000706F33 /* Store.swift */ = {isa = PBXFileReference; lastKnownFileType = sourcecode.swift; path = Store.swift; sourceTree = "<group>"; };
		99C820E1206B585400706F33 /* StoreTests.swift */ = {isa = PBXFileReference; lastKnownFileType = sourcecode.swift; path = StoreTests.swift; sourceTree = "<group>"; };
		99C820E4206B5A8500706F33 /* Request.swift */ = {isa = PBXFileReference; lastKnownFileType = sourcecode.swift; path = Request.swift; sourceTree = "<group>"; };
		99C820E6206B60FB00706F33 /* Endpoints.swift */ = {isa = PBXFileReference; lastKnownFileType = sourcecode.swift; path = Endpoints.swift; sourceTree = "<group>"; };
		99C820E8206B679B00706F33 /* Path.swift */ = {isa = PBXFileReference; lastKnownFileType = sourcecode.swift; path = Path.swift; sourceTree = "<group>"; };
		99C820EC206B69E600706F33 /* PathTests.swift */ = {isa = PBXFileReference; lastKnownFileType = sourcecode.swift; path = PathTests.swift; sourceTree = "<group>"; };
		99C820EF206B7A9D00706F33 /* MovieAppRequest.swift */ = {isa = PBXFileReference; lastKnownFileType = sourcecode.swift; path = MovieAppRequest.swift; sourceTree = "<group>"; };
		99C820F1206B7B7A00706F33 /* MovieService.swift */ = {isa = PBXFileReference; lastKnownFileType = sourcecode.swift; path = MovieService.swift; sourceTree = "<group>"; };
		99C820F4206B7DD700706F33 /* IntExtension.swift */ = {isa = PBXFileReference; lastKnownFileType = sourcecode.swift; path = IntExtension.swift; sourceTree = "<group>"; };
		99C820F6206B7E0800706F33 /* IntExtensionTests.swift */ = {isa = PBXFileReference; lastKnownFileType = sourcecode.swift; path = IntExtensionTests.swift; sourceTree = "<group>"; };
		99D826BD2071E34200C18B58 /* QueryCore+CoreDataClass.swift */ = {isa = PBXFileReference; lastKnownFileType = sourcecode.swift; name = "QueryCore+CoreDataClass.swift"; path = "/Users/kylekendall/Projects/MovieApp/MovieApp/Persistent Store/QueryCore+CoreDataClass.swift"; sourceTree = "<absolute>"; };
		99D826BE2071E34200C18B58 /* QueryCore+CoreDataProperties.swift */ = {isa = PBXFileReference; lastKnownFileType = sourcecode.swift; name = "QueryCore+CoreDataProperties.swift"; path = "/Users/kylekendall/Projects/MovieApp/MovieApp/Persistent Store/QueryCore+CoreDataProperties.swift"; sourceTree = "<absolute>"; };
		99D826C12071E86200C18B58 /* QuerySuggestionsViewController.swift */ = {isa = PBXFileReference; lastKnownFileType = sourcecode.swift; path = QuerySuggestionsViewController.swift; sourceTree = "<group>"; };
		99D826C32071E9C700C18B58 /* QueryCell.swift */ = {isa = PBXFileReference; lastKnownFileType = sourcecode.swift; path = QueryCell.swift; sourceTree = "<group>"; };
		99D826C52071E9D300C18B58 /* QueryCell.xib */ = {isa = PBXFileReference; lastKnownFileType = file.xib; path = QueryCell.xib; sourceTree = "<group>"; };
		99D826C82071F2F400C18B58 /* TableViewInsetsAdjusting.swift */ = {isa = PBXFileReference; lastKnownFileType = sourcecode.swift; path = TableViewInsetsAdjusting.swift; sourceTree = "<group>"; };
		99D826CA207203B400C18B58 /* AlertExtension.swift */ = {isa = PBXFileReference; lastKnownFileType = sourcecode.swift; path = AlertExtension.swift; sourceTree = "<group>"; };
		99D826CC2072153C00C18B58 /* ErrorExtension.swift */ = {isa = PBXFileReference; lastKnownFileType = sourcecode.swift; path = ErrorExtension.swift; sourceTree = "<group>"; };
		99ED6BCC206B83C50007C51A /* Movie.swift */ = {isa = PBXFileReference; lastKnownFileType = sourcecode.swift; path = Movie.swift; sourceTree = "<group>"; };
		99ED6BCE206B83CE0007C51A /* Query.swift */ = {isa = PBXFileReference; lastKnownFileType = sourcecode.swift; path = Query.swift; sourceTree = "<group>"; };
		99ED6BD0206B84060007C51A /* ImageService.swift */ = {isa = PBXFileReference; lastKnownFileType = sourcecode.swift; path = ImageService.swift; sourceTree = "<group>"; };
		99ED6BD4206B8A5D0007C51A /* Movie+NetworkRequests.swift */ = {isa = PBXFileReference; lastKnownFileType = sourcecode.swift; path = "Movie+NetworkRequests.swift"; sourceTree = "<group>"; };
		99ED6BD7206CACED0007C51A /* NibRegisterable.swift */ = {isa = PBXFileReference; lastKnownFileType = sourcecode.swift; path = NibRegisterable.swift; sourceTree = "<group>"; };
		99ED6BD9206CAD0E0007C51A /* NibInstantiating.swift */ = {isa = PBXFileReference; lastKnownFileType = sourcecode.swift; path = NibInstantiating.swift; sourceTree = "<group>"; };
/* End PBXFileReference section */

/* Begin PBXFrameworksBuildPhase section */
		99AB7722206B4DE200E1A0B1 /* Frameworks */ = {
			isa = PBXFrameworksBuildPhase;
			buildActionMask = 2147483647;
			files = (
			);
			runOnlyForDeploymentPostprocessing = 0;
		};
		99AB7739206B4DE200E1A0B1 /* Frameworks */ = {
			isa = PBXFrameworksBuildPhase;
			buildActionMask = 2147483647;
			files = (
			);
			runOnlyForDeploymentPostprocessing = 0;
		};
		99AB7744206B4DE200E1A0B1 /* Frameworks */ = {
			isa = PBXFrameworksBuildPhase;
			buildActionMask = 2147483647;
			files = (
			);
			runOnlyForDeploymentPostprocessing = 0;
		};
/* End PBXFrameworksBuildPhase section */

/* Begin PBXGroup section */
		7FABF0B00D550D252FE29573 /* Frameworks */ = {
			isa = PBXGroup;
			children = (
				3EA0D5E8C7694F006F80DF40 /* Pods_MovieApp.framework */,
			);
			name = Frameworks;
			sourceTree = "<group>";
		};
		999530AC206CBB5B00A76504 /* Movies */ = {
			isa = PBXGroup;
			children = (
				99AB772A206B4DE200E1A0B1 /* MoviesViewController.swift */,
				99AB772C206B4DE200E1A0B1 /* Main.storyboard */,
				999530AD206CBC0D00A76504 /* MovieCell.swift */,
				999530AE206CBC0D00A76504 /* MovieCell.xib */,
				99D826C72071EAFB00C18B58 /* Query */,
			);
			path = Movies;
			sourceTree = "<group>";
		};
		99AB771C206B4DE200E1A0B1 = {
			isa = PBXGroup;
			children = (
				99AB7727206B4DE200E1A0B1 /* MovieApp */,
				99AB773F206B4DE200E1A0B1 /* MovieAppTests */,
				99AB774A206B4DE200E1A0B1 /* MovieAppUITests */,
				99AB7726206B4DE200E1A0B1 /* Products */,
				7FABF0B00D550D252FE29573 /* Frameworks */,
			);
			sourceTree = "<group>";
		};
		99AB7726206B4DE200E1A0B1 /* Products */ = {
			isa = PBXGroup;
			children = (
				99AB7725206B4DE200E1A0B1 /* MovieApp.app */,
				99AB773C206B4DE200E1A0B1 /* MovieAppTests.xctest */,
				99AB7747206B4DE200E1A0B1 /* MovieAppUITests.xctest */,
			);
			name = Products;
			sourceTree = "<group>";
		};
		99AB7727206B4DE200E1A0B1 /* MovieApp */ = {
			isa = PBXGroup;
			children = (
				99AB7728206B4DE200E1A0B1 /* AppDelegate.swift */,
				99AB7737206B4DE200E1A0B1 /* Info.plist */,
				999530AC206CBB5B00A76504 /* Movies */,
				99ED6BD6206CACD90007C51A /* Generic */,
				99ED6BCB206B82E80007C51A /* Model */,
				99C820F3206B7DCF00706F33 /* Extensions */,
				99C820EE206B728400706F33 /* Services */,
				99C820E3206B59C900706F33 /* Network */,
				99C820DE206B50F700706F33 /* Persistent Store */,
				99ED6BD3206B87420007C51A /* Resources */,
				99ED6BD2206B871F0007C51A /* Support */,
			);
			path = MovieApp;
			sourceTree = "<group>";
		};
		99AB773F206B4DE200E1A0B1 /* MovieAppTests */ = {
			isa = PBXGroup;
			children = (
				99AB7740206B4DE200E1A0B1 /* MovieAppTests.swift */,
				99C820E1206B585400706F33 /* StoreTests.swift */,
				99C820EC206B69E600706F33 /* PathTests.swift */,
				99C820F6206B7E0800706F33 /* IntExtensionTests.swift */,
				99AB7742206B4DE200E1A0B1 /* Info.plist */,
			);
			path = MovieAppTests;
			sourceTree = "<group>";
		};
		99AB774A206B4DE200E1A0B1 /* MovieAppUITests */ = {
			isa = PBXGroup;
			children = (
				99AB774B206B4DE200E1A0B1 /* MovieAppUITests.swift */,
				99AB774D206B4DE200E1A0B1 /* Info.plist */,
			);
			path = MovieAppUITests;
			sourceTree = "<group>";
		};
		99C820DE206B50F700706F33 /* Persistent Store */ = {
			isa = PBXGroup;
			children = (
				99AB772F206B4DE200E1A0B1 /* MovieApp.xcdatamodeld */,
				99D826BD2071E34200C18B58 /* QueryCore+CoreDataClass.swift */,
				99D826BE2071E34200C18B58 /* QueryCore+CoreDataProperties.swift */,
				99C820DF206B511000706F33 /* Store.swift */,
			);
			path = "Persistent Store";
			sourceTree = "<group>";
		};
		99C820E3206B59C900706F33 /* Network */ = {
			isa = PBXGroup;
			children = (
				99C820E4206B5A8500706F33 /* Request.swift */,
				99C820E8206B679B00706F33 /* Path.swift */,
			);
			path = Network;
			sourceTree = "<group>";
		};
		99C820EE206B728400706F33 /* Services */ = {
			isa = PBXGroup;
			children = (
				99C820E6206B60FB00706F33 /* Endpoints.swift */,
				99C820EF206B7A9D00706F33 /* MovieAppRequest.swift */,
				99C820F1206B7B7A00706F33 /* MovieService.swift */,
				99ED6BD0206B84060007C51A /* ImageService.swift */,
			);
			path = Services;
			sourceTree = "<group>";
		};
		99C820F3206B7DCF00706F33 /* Extensions */ = {
			isa = PBXGroup;
			children = (
				99C820F4206B7DD700706F33 /* IntExtension.swift */,
				99D826CA207203B400C18B58 /* AlertExtension.swift */,
				99D826CC2072153C00C18B58 /* ErrorExtension.swift */,
			);
			path = Extensions;
			sourceTree = "<group>";
		};
		99D826C72071EAFB00C18B58 /* Query */ = {
			isa = PBXGroup;
			children = (
				99D826C12071E86200C18B58 /* QuerySuggestionsViewController.swift */,
				99D826C32071E9C700C18B58 /* QueryCell.swift */,
				99D826C52071E9D300C18B58 /* QueryCell.xib */,
			);
			path = Query;
			sourceTree = "<group>";
		};
		99ED6BCB206B82E80007C51A /* Model */ = {
			isa = PBXGroup;
			children = (
				99ED6BCC206B83C50007C51A /* Movie.swift */,
				99ED6BD4206B8A5D0007C51A /* Movie+NetworkRequests.swift */,
				99ED6BCE206B83CE0007C51A /* Query.swift */,
			);
			path = Model;
			sourceTree = "<group>";
		};
		99ED6BD2206B871F0007C51A /* Support */ = {
			isa = PBXGroup;
			children = (
			);
			path = Support;
			sourceTree = "<group>";
		};
		99ED6BD3206B87420007C51A /* Resources */ = {
			isa = PBXGroup;
			children = (
				99AB7732206B4DE200E1A0B1 /* Assets.xcassets */,
			);
			path = Resources;
			sourceTree = "<group>";
		};
		99ED6BD6206CACD90007C51A /* Generic */ = {
			isa = PBXGroup;
			children = (
				99AB7734206B4DE200E1A0B1 /* LaunchScreen.storyboard */,
				99ED6BD7206CACED0007C51A /* NibRegisterable.swift */,
				99ED6BD9206CAD0E0007C51A /* NibInstantiating.swift */,
				99D826C82071F2F400C18B58 /* TableViewInsetsAdjusting.swift */,
			);
			path = Generic;
			sourceTree = "<group>";
		};
/* End PBXGroup section */

/* Begin PBXNativeTarget section */
		99AB7724206B4DE200E1A0B1 /* MovieApp */ = {
			isa = PBXNativeTarget;
			buildConfigurationList = 99AB7750206B4DE200E1A0B1 /* Build configuration list for PBXNativeTarget "MovieApp" */;
			buildPhases = (
				99AB7721206B4DE200E1A0B1 /* Sources */,
				99AB7722206B4DE200E1A0B1 /* Frameworks */,
				99AB7723206B4DE200E1A0B1 /* Resources */,
			);
			buildRules = (
			);
			dependencies = (
			);
			name = MovieApp;
			productName = MovieApp;
			productReference = 99AB7725206B4DE200E1A0B1 /* MovieApp.app */;
			productType = "com.apple.product-type.application";
		};
		99AB773B206B4DE200E1A0B1 /* MovieAppTests */ = {
			isa = PBXNativeTarget;
			buildConfigurationList = 99AB7753206B4DE200E1A0B1 /* Build configuration list for PBXNativeTarget "MovieAppTests" */;
			buildPhases = (
				99AB7738206B4DE200E1A0B1 /* Sources */,
				99AB7739206B4DE200E1A0B1 /* Frameworks */,
				99AB773A206B4DE200E1A0B1 /* Resources */,
			);
			buildRules = (
			);
			dependencies = (
				99AB773E206B4DE200E1A0B1 /* PBXTargetDependency */,
			);
			name = MovieAppTests;
			productName = MovieAppTests;
			productReference = 99AB773C206B4DE200E1A0B1 /* MovieAppTests.xctest */;
			productType = "com.apple.product-type.bundle.unit-test";
		};
		99AB7746206B4DE200E1A0B1 /* MovieAppUITests */ = {
			isa = PBXNativeTarget;
			buildConfigurationList = 99AB7756206B4DE200E1A0B1 /* Build configuration list for PBXNativeTarget "MovieAppUITests" */;
			buildPhases = (
				99AB7743206B4DE200E1A0B1 /* Sources */,
				99AB7744206B4DE200E1A0B1 /* Frameworks */,
				99AB7745206B4DE200E1A0B1 /* Resources */,
			);
			buildRules = (
			);
			dependencies = (
				99AB7749206B4DE200E1A0B1 /* PBXTargetDependency */,
			);
			name = MovieAppUITests;
			productName = MovieAppUITests;
			productReference = 99AB7747206B4DE200E1A0B1 /* MovieAppUITests.xctest */;
			productType = "com.apple.product-type.bundle.ui-testing";
		};
/* End PBXNativeTarget section */

/* Begin PBXProject section */
		99AB771D206B4DE200E1A0B1 /* Project object */ = {
			isa = PBXProject;
			attributes = {
				LastSwiftUpdateCheck = 0920;
				LastUpgradeCheck = 0920;
				ORGANIZATIONNAME = "Kyle Kendall";
				TargetAttributes = {
					99AB7724206B4DE200E1A0B1 = {
						CreatedOnToolsVersion = 9.2;
						ProvisioningStyle = Automatic;
					};
					99AB773B206B4DE200E1A0B1 = {
						CreatedOnToolsVersion = 9.2;
						ProvisioningStyle = Automatic;
						TestTargetID = 99AB7724206B4DE200E1A0B1;
					};
					99AB7746206B4DE200E1A0B1 = {
						CreatedOnToolsVersion = 9.2;
						ProvisioningStyle = Automatic;
						TestTargetID = 99AB7724206B4DE200E1A0B1;
					};
				};
			};
			buildConfigurationList = 99AB7720206B4DE200E1A0B1 /* Build configuration list for PBXProject "MovieApp" */;
			compatibilityVersion = "Xcode 8.0";
			developmentRegion = en;
			hasScannedForEncodings = 0;
			knownRegions = (
				en,
				Base,
			);
			mainGroup = 99AB771C206B4DE200E1A0B1;
			productRefGroup = 99AB7726206B4DE200E1A0B1 /* Products */;
			projectDirPath = "";
			projectRoot = "";
			targets = (
				99AB7724206B4DE200E1A0B1 /* MovieApp */,
				99AB773B206B4DE200E1A0B1 /* MovieAppTests */,
				99AB7746206B4DE200E1A0B1 /* MovieAppUITests */,
			);
		};
/* End PBXProject section */

/* Begin PBXResourcesBuildPhase section */
		99AB7723206B4DE200E1A0B1 /* Resources */ = {
			isa = PBXResourcesBuildPhase;
			buildActionMask = 2147483647;
			files = (
				99AB7736206B4DE200E1A0B1 /* LaunchScreen.storyboard in Resources */,
				99D826C62071E9D300C18B58 /* QueryCell.xib in Resources */,
				99AB7733206B4DE200E1A0B1 /* Assets.xcassets in Resources */,
				999530B0206CBC0D00A76504 /* MovieCell.xib in Resources */,
				99AB772E206B4DE200E1A0B1 /* Main.storyboard in Resources */,
			);
			runOnlyForDeploymentPostprocessing = 0;
		};
		99AB773A206B4DE200E1A0B1 /* Resources */ = {
			isa = PBXResourcesBuildPhase;
			buildActionMask = 2147483647;
			files = (
			);
			runOnlyForDeploymentPostprocessing = 0;
		};
		99AB7745206B4DE200E1A0B1 /* Resources */ = {
			isa = PBXResourcesBuildPhase;
			buildActionMask = 2147483647;
			files = (
			);
			runOnlyForDeploymentPostprocessing = 0;
		};
/* End PBXResourcesBuildPhase section */

/* Begin PBXSourcesBuildPhase section */
		99AB7721206B4DE200E1A0B1 /* Sources */ = {
			isa = PBXSourcesBuildPhase;
			buildActionMask = 2147483647;
			files = (
				99D826CB207203B400C18B58 /* AlertExtension.swift in Sources */,
				99C820E5206B5A8500706F33 /* Request.swift in Sources */,
				999530AF206CBC0D00A76504 /* MovieCell.swift in Sources */,
				99C820E9206B679B00706F33 /* Path.swift in Sources */,
				99C820F0206B7A9D00706F33 /* MovieAppRequest.swift in Sources */,
				99C820F5206B7DD700706F33 /* IntExtension.swift in Sources */,
				99D826C42071E9C700C18B58 /* QueryCell.swift in Sources */,
				99ED6BCF206B83CE0007C51A /* Query.swift in Sources */,
				99D826C92071F2F400C18B58 /* TableViewInsetsAdjusting.swift in Sources */,
				99AB772B206B4DE200E1A0B1 /* MoviesViewController.swift in Sources */,
				99AB7729206B4DE200E1A0B1 /* AppDelegate.swift in Sources */,
				99ED6BDA206CAD0E0007C51A /* NibInstantiating.swift in Sources */,
				99AB7731206B4DE200E1A0B1 /* MovieApp.xcdatamodeld in Sources */,
				99D826C02071E34200C18B58 /* QueryCore+CoreDataProperties.swift in Sources */,
				99ED6BD1206B84060007C51A /* ImageService.swift in Sources */,
				99C820F2206B7B7A00706F33 /* MovieService.swift in Sources */,
				99ED6BD8206CACED0007C51A /* NibRegisterable.swift in Sources */,
				99D826BF2071E34200C18B58 /* QueryCore+CoreDataClass.swift in Sources */,
				99C820E7206B60FB00706F33 /* Endpoints.swift in Sources */,
				99ED6BCD206B83C50007C51A /* Movie.swift in Sources */,
				99ED6BD5206B8A5D0007C51A /* Movie+NetworkRequests.swift in Sources */,
				99C820E0206B511000706F33 /* Store.swift in Sources */,
				99D826CD2072153C00C18B58 /* ErrorExtension.swift in Sources */,
				99D826C22071E86200C18B58 /* QuerySuggestionsViewController.swift in Sources */,
			);
			runOnlyForDeploymentPostprocessing = 0;
		};
		99AB7738206B4DE200E1A0B1 /* Sources */ = {
			isa = PBXSourcesBuildPhase;
			buildActionMask = 2147483647;
			files = (
				99C820ED206B69E600706F33 /* PathTests.swift in Sources */,
				99C820F7206B7E0800706F33 /* IntExtensionTests.swift in Sources */,
				99AB7741206B4DE200E1A0B1 /* MovieAppTests.swift in Sources */,
				99C820E2206B585400706F33 /* StoreTests.swift in Sources */,
			);
			runOnlyForDeploymentPostprocessing = 0;
		};
		99AB7743206B4DE200E1A0B1 /* Sources */ = {
			isa = PBXSourcesBuildPhase;
			buildActionMask = 2147483647;
			files = (
				99AB774C206B4DE200E1A0B1 /* MovieAppUITests.swift in Sources */,
			);
			runOnlyForDeploymentPostprocessing = 0;
		};
/* End PBXSourcesBuildPhase section */

/* Begin PBXTargetDependency section */
		99AB773E206B4DE200E1A0B1 /* PBXTargetDependency */ = {
			isa = PBXTargetDependency;
			target = 99AB7724206B4DE200E1A0B1 /* MovieApp */;
			targetProxy = 99AB773D206B4DE200E1A0B1 /* PBXContainerItemProxy */;
		};
		99AB7749206B4DE200E1A0B1 /* PBXTargetDependency */ = {
			isa = PBXTargetDependency;
			target = 99AB7724206B4DE200E1A0B1 /* MovieApp */;
			targetProxy = 99AB7748206B4DE200E1A0B1 /* PBXContainerItemProxy */;
		};
/* End PBXTargetDependency section */

/* Begin PBXVariantGroup section */
		99AB772C206B4DE200E1A0B1 /* Main.storyboard */ = {
			isa = PBXVariantGroup;
			children = (
				99AB772D206B4DE200E1A0B1 /* Base */,
			);
			name = Main.storyboard;
			sourceTree = "<group>";
		};
		99AB7734206B4DE200E1A0B1 /* LaunchScreen.storyboard */ = {
			isa = PBXVariantGroup;
			children = (
				99AB7735206B4DE200E1A0B1 /* Base */,
			);
			name = LaunchScreen.storyboard;
			sourceTree = "<group>";
		};
/* End PBXVariantGroup section */

/* Begin XCBuildConfiguration section */
		99AB774E206B4DE200E1A0B1 /* Debug */ = {
			isa = XCBuildConfiguration;
			buildSettings = {
				ALWAYS_SEARCH_USER_PATHS = NO;
				CLANG_ANALYZER_NONNULL = YES;
				CLANG_ANALYZER_NUMBER_OBJECT_CONVERSION = YES_AGGRESSIVE;
				CLANG_CXX_LANGUAGE_STANDARD = "gnu++14";
				CLANG_CXX_LIBRARY = "libc++";
				CLANG_ENABLE_MODULES = YES;
				CLANG_ENABLE_OBJC_ARC = YES;
				CLANG_WARN_BLOCK_CAPTURE_AUTORELEASING = YES;
				CLANG_WARN_BOOL_CONVERSION = YES;
				CLANG_WARN_COMMA = YES;
				CLANG_WARN_CONSTANT_CONVERSION = YES;
				CLANG_WARN_DIRECT_OBJC_ISA_USAGE = YES_ERROR;
				CLANG_WARN_DOCUMENTATION_COMMENTS = YES;
				CLANG_WARN_EMPTY_BODY = YES;
				CLANG_WARN_ENUM_CONVERSION = YES;
				CLANG_WARN_INFINITE_RECURSION = YES;
				CLANG_WARN_INT_CONVERSION = YES;
				CLANG_WARN_NON_LITERAL_NULL_CONVERSION = YES;
				CLANG_WARN_OBJC_LITERAL_CONVERSION = YES;
				CLANG_WARN_OBJC_ROOT_CLASS = YES_ERROR;
				CLANG_WARN_RANGE_LOOP_ANALYSIS = YES;
				CLANG_WARN_STRICT_PROTOTYPES = YES;
				CLANG_WARN_SUSPICIOUS_MOVE = YES;
				CLANG_WARN_UNGUARDED_AVAILABILITY = YES_AGGRESSIVE;
				CLANG_WARN_UNREACHABLE_CODE = YES;
				CLANG_WARN__DUPLICATE_METHOD_MATCH = YES;
				CODE_SIGN_IDENTITY = "iPhone Developer";
				COPY_PHASE_STRIP = NO;
				DEBUG_INFORMATION_FORMAT = dwarf;
				ENABLE_STRICT_OBJC_MSGSEND = YES;
				ENABLE_TESTABILITY = YES;
				GCC_C_LANGUAGE_STANDARD = gnu11;
				GCC_DYNAMIC_NO_PIC = NO;
				GCC_NO_COMMON_BLOCKS = YES;
				GCC_OPTIMIZATION_LEVEL = 0;
				GCC_PREPROCESSOR_DEFINITIONS = (
					"DEBUG=1",
					"$(inherited)",
				);
				GCC_WARN_64_TO_32_BIT_CONVERSION = YES;
				GCC_WARN_ABOUT_RETURN_TYPE = YES_ERROR;
				GCC_WARN_UNDECLARED_SELECTOR = YES;
				GCC_WARN_UNINITIALIZED_AUTOS = YES_AGGRESSIVE;
				GCC_WARN_UNUSED_FUNCTION = YES;
				GCC_WARN_UNUSED_VARIABLE = YES;
				IPHONEOS_DEPLOYMENT_TARGET = 11.2;
				MTL_ENABLE_DEBUG_INFO = YES;
				ONLY_ACTIVE_ARCH = YES;
				SDKROOT = iphoneos;
				SWIFT_ACTIVE_COMPILATION_CONDITIONS = DEBUG;
				SWIFT_OPTIMIZATION_LEVEL = "-Onone";
			};
			name = Debug;
		};
		99AB774F206B4DE200E1A0B1 /* Release */ = {
			isa = XCBuildConfiguration;
			buildSettings = {
				ALWAYS_SEARCH_USER_PATHS = NO;
				CLANG_ANALYZER_NONNULL = YES;
				CLANG_ANALYZER_NUMBER_OBJECT_CONVERSION = YES_AGGRESSIVE;
				CLANG_CXX_LANGUAGE_STANDARD = "gnu++14";
				CLANG_CXX_LIBRARY = "libc++";
				CLANG_ENABLE_MODULES = YES;
				CLANG_ENABLE_OBJC_ARC = YES;
				CLANG_WARN_BLOCK_CAPTURE_AUTORELEASING = YES;
				CLANG_WARN_BOOL_CONVERSION = YES;
				CLANG_WARN_COMMA = YES;
				CLANG_WARN_CONSTANT_CONVERSION = YES;
				CLANG_WARN_DIRECT_OBJC_ISA_USAGE = YES_ERROR;
				CLANG_WARN_DOCUMENTATION_COMMENTS = YES;
				CLANG_WARN_EMPTY_BODY = YES;
				CLANG_WARN_ENUM_CONVERSION = YES;
				CLANG_WARN_INFINITE_RECURSION = YES;
				CLANG_WARN_INT_CONVERSION = YES;
				CLANG_WARN_NON_LITERAL_NULL_CONVERSION = YES;
				CLANG_WARN_OBJC_LITERAL_CONVERSION = YES;
				CLANG_WARN_OBJC_ROOT_CLASS = YES_ERROR;
				CLANG_WARN_RANGE_LOOP_ANALYSIS = YES;
				CLANG_WARN_STRICT_PROTOTYPES = YES;
				CLANG_WARN_SUSPICIOUS_MOVE = YES;
				CLANG_WARN_UNGUARDED_AVAILABILITY = YES_AGGRESSIVE;
				CLANG_WARN_UNREACHABLE_CODE = YES;
				CLANG_WARN__DUPLICATE_METHOD_MATCH = YES;
				CODE_SIGN_IDENTITY = "iPhone Developer";
				COPY_PHASE_STRIP = NO;
				DEBUG_INFORMATION_FORMAT = "dwarf-with-dsym";
				ENABLE_NS_ASSERTIONS = NO;
				ENABLE_STRICT_OBJC_MSGSEND = YES;
				GCC_C_LANGUAGE_STANDARD = gnu11;
				GCC_NO_COMMON_BLOCKS = YES;
				GCC_WARN_64_TO_32_BIT_CONVERSION = YES;
				GCC_WARN_ABOUT_RETURN_TYPE = YES_ERROR;
				GCC_WARN_UNDECLARED_SELECTOR = YES;
				GCC_WARN_UNINITIALIZED_AUTOS = YES_AGGRESSIVE;
				GCC_WARN_UNUSED_FUNCTION = YES;
				GCC_WARN_UNUSED_VARIABLE = YES;
				IPHONEOS_DEPLOYMENT_TARGET = 11.2;
				MTL_ENABLE_DEBUG_INFO = NO;
				SDKROOT = iphoneos;
				SWIFT_OPTIMIZATION_LEVEL = "-Owholemodule";
				VALIDATE_PRODUCT = YES;
			};
			name = Release;
		};
		99AB7751206B4DE200E1A0B1 /* Debug */ = {
			isa = XCBuildConfiguration;
			buildSettings = {
				ASSETCATALOG_COMPILER_APPICON_NAME = AppIcon;
				CODE_SIGN_STYLE = Automatic;
				DEVELOPMENT_TEAM = MG7WLQ6J4A;
				INFOPLIST_FILE = MovieApp/Info.plist;
				LD_RUNPATH_SEARCH_PATHS = "$(inherited) @executable_path/Frameworks";
				PRODUCT_BUNDLE_IDENTIFIER = BD.MovieApp;
				PRODUCT_NAME = "$(TARGET_NAME)";
				SWIFT_VERSION = 4.0;
				TARGETED_DEVICE_FAMILY = "1,2";
			};
			name = Debug;
		};
		99AB7752206B4DE200E1A0B1 /* Release */ = {
			isa = XCBuildConfiguration;
			buildSettings = {
				ASSETCATALOG_COMPILER_APPICON_NAME = AppIcon;
				CODE_SIGN_STYLE = Automatic;
				DEVELOPMENT_TEAM = MG7WLQ6J4A;
				INFOPLIST_FILE = MovieApp/Info.plist;
				LD_RUNPATH_SEARCH_PATHS = "$(inherited) @executable_path/Frameworks";
				PRODUCT_BUNDLE_IDENTIFIER = BD.MovieApp;
				PRODUCT_NAME = "$(TARGET_NAME)";
				SWIFT_VERSION = 4.0;
				TARGETED_DEVICE_FAMILY = "1,2";
			};
			name = Release;
		};
		99AB7754206B4DE200E1A0B1 /* Debug */ = {
			isa = XCBuildConfiguration;
			buildSettings = {
				ALWAYS_EMBED_SWIFT_STANDARD_LIBRARIES = YES;
				BUNDLE_LOADER = "$(TEST_HOST)";
				CODE_SIGN_STYLE = Automatic;
				DEVELOPMENT_TEAM = MG7WLQ6J4A;
				INFOPLIST_FILE = MovieAppTests/Info.plist;
				LD_RUNPATH_SEARCH_PATHS = "$(inherited) @executable_path/Frameworks @loader_path/Frameworks";
				PRODUCT_BUNDLE_IDENTIFIER = BD.MovieAppTests;
				PRODUCT_NAME = "$(TARGET_NAME)";
				SWIFT_VERSION = 4.0;
				TARGETED_DEVICE_FAMILY = "1,2";
				TEST_HOST = "$(BUILT_PRODUCTS_DIR)/MovieApp.app/MovieApp";
			};
			name = Debug;
		};
		99AB7755206B4DE200E1A0B1 /* Release */ = {
			isa = XCBuildConfiguration;
			buildSettings = {
				ALWAYS_EMBED_SWIFT_STANDARD_LIBRARIES = YES;
				BUNDLE_LOADER = "$(TEST_HOST)";
				CODE_SIGN_STYLE = Automatic;
				DEVELOPMENT_TEAM = MG7WLQ6J4A;
				INFOPLIST_FILE = MovieAppTests/Info.plist;
				LD_RUNPATH_SEARCH_PATHS = "$(inherited) @executable_path/Frameworks @loader_path/Frameworks";
				PRODUCT_BUNDLE_IDENTIFIER = BD.MovieAppTests;
				PRODUCT_NAME = "$(TARGET_NAME)";
				SWIFT_VERSION = 4.0;
				TARGETED_DEVICE_FAMILY = "1,2";
				TEST_HOST = "$(BUILT_PRODUCTS_DIR)/MovieApp.app/MovieApp";
			};
			name = Release;
		};
		99AB7757206B4DE200E1A0B1 /* Debug */ = {
			isa = XCBuildConfiguration;
			buildSettings = {
				ALWAYS_EMBED_SWIFT_STANDARD_LIBRARIES = YES;
				CODE_SIGN_STYLE = Automatic;
				DEVELOPMENT_TEAM = MG7WLQ6J4A;
				INFOPLIST_FILE = MovieAppUITests/Info.plist;
				LD_RUNPATH_SEARCH_PATHS = "$(inherited) @executable_path/Frameworks @loader_path/Frameworks";
				PRODUCT_BUNDLE_IDENTIFIER = BD.MovieAppUITests;
				PRODUCT_NAME = "$(TARGET_NAME)";
				SWIFT_VERSION = 4.0;
				TARGETED_DEVICE_FAMILY = "1,2";
				TEST_TARGET_NAME = MovieApp;
			};
			name = Debug;
		};
		99AB7758206B4DE200E1A0B1 /* Release */ = {
			isa = XCBuildConfiguration;
			buildSettings = {
				ALWAYS_EMBED_SWIFT_STANDARD_LIBRARIES = YES;
				CODE_SIGN_STYLE = Automatic;
				DEVELOPMENT_TEAM = MG7WLQ6J4A;
				INFOPLIST_FILE = MovieAppUITests/Info.plist;
				LD_RUNPATH_SEARCH_PATHS = "$(inherited) @executable_path/Frameworks @loader_path/Frameworks";
				PRODUCT_BUNDLE_IDENTIFIER = BD.MovieAppUITests;
				PRODUCT_NAME = "$(TARGET_NAME)";
				SWIFT_VERSION = 4.0;
				TARGETED_DEVICE_FAMILY = "1,2";
				TEST_TARGET_NAME = MovieApp;
			};
			name = Release;
		};
/* End XCBuildConfiguration section */

/* Begin XCConfigurationList section */
		99AB7720206B4DE200E1A0B1 /* Build configuration list for PBXProject "MovieApp" */ = {
			isa = XCConfigurationList;
			buildConfigurations = (
				99AB774E206B4DE200E1A0B1 /* Debug */,
				99AB774F206B4DE200E1A0B1 /* Release */,
			);
			defaultConfigurationIsVisible = 0;
			defaultConfigurationName = Release;
		};
		99AB7750206B4DE200E1A0B1 /* Build configuration list for PBXNativeTarget "MovieApp" */ = {
			isa = XCConfigurationList;
			buildConfigurations = (
				99AB7751206B4DE200E1A0B1 /* Debug */,
				99AB7752206B4DE200E1A0B1 /* Release */,
			);
			defaultConfigurationIsVisible = 0;
			defaultConfigurationName = Release;
		};
		99AB7753206B4DE200E1A0B1 /* Build configuration list for PBXNativeTarget "MovieAppTests" */ = {
			isa = XCConfigurationList;
			buildConfigurations = (
				99AB7754206B4DE200E1A0B1 /* Debug */,
				99AB7755206B4DE200E1A0B1 /* Release */,
			);
			defaultConfigurationIsVisible = 0;
			defaultConfigurationName = Release;
		};
		99AB7756206B4DE200E1A0B1 /* Build configuration list for PBXNativeTarget "MovieAppUITests" */ = {
			isa = XCConfigurationList;
			buildConfigurations = (
				99AB7757206B4DE200E1A0B1 /* Debug */,
				99AB7758206B4DE200E1A0B1 /* Release */,
			);
			defaultConfigurationIsVisible = 0;
			defaultConfigurationName = Release;
		};
/* End XCConfigurationList section */

/* Begin XCVersionGroup section */
		99AB772F206B4DE200E1A0B1 /* MovieApp.xcdatamodeld */ = {
			isa = XCVersionGroup;
			children = (
				99AB7730206B4DE200E1A0B1 /* MovieApp.xcdatamodel */,
			);
			currentVersion = 99AB7730206B4DE200E1A0B1 /* MovieApp.xcdatamodel */;
			path = MovieApp.xcdatamodeld;
			sourceTree = "<group>";
			versionGroupType = wrapper.xcdatamodel;
		};
/* End XCVersionGroup section */
	};
	rootObject = 99AB771D206B4DE200E1A0B1 /* Project object */;
}
